// !$*UTF8*$!
{
	archiveVersion = 1;
	classes = {
	};
	objectVersion = 46;
	objects = {

/* Begin PBXBuildFile section */
		AA4F50331B3604D800E0C6A0 /* InterfaceController.m in Sources */ = {isa = PBXBuildFile; fileRef = AA4F50321B3604D800E0C6A0 /* InterfaceController.m */; };
		AA4F50391B3604D800E0C6A0 /* GlanceController.m in Sources */ = {isa = PBXBuildFile; fileRef = AA4F50381B3604D800E0C6A0 /* GlanceController.m */; };
		AA4F503B1B3604D800E0C6A0 /* Images.xcassets in Resources */ = {isa = PBXBuildFile; fileRef = AA4F503A1B3604D800E0C6A0 /* Images.xcassets */; };
		AA4F503F1B3604D800E0C6A0 /* Clock In WatchKit App.app in Resources */ = {isa = PBXBuildFile; fileRef = AA4F503E1B3604D800E0C6A0 /* Clock In WatchKit App.app */; };
		AA4F50471B3604D800E0C6A0 /* Interface.storyboard in Resources */ = {isa = PBXBuildFile; fileRef = AA4F50451B3604D800E0C6A0 /* Interface.storyboard */; };
		AA4F50491B3604D800E0C6A0 /* Images.xcassets in Resources */ = {isa = PBXBuildFile; fileRef = AA4F50481B3604D800E0C6A0 /* Images.xcassets */; };
		AA4F504C1B3604D800E0C6A0 /* Clock In WatchKit Extension.appex in Embed App Extensions */ = {isa = PBXBuildFile; fileRef = AA4F502C1B3604D800E0C6A0 /* Clock In WatchKit Extension.appex */; settings = {ATTRIBUTES = (RemoveHeadersOnCopy, ); }; };
		AA7002731A4AE3F000C94EA2 /* main.m in Sources */ = {isa = PBXBuildFile; fileRef = AA7002721A4AE3F000C94EA2 /* main.m */; };
		AA7002761A4AE3F000C94EA2 /* AppDelegate.m in Sources */ = {isa = PBXBuildFile; fileRef = AA7002751A4AE3F000C94EA2 /* AppDelegate.m */; };
		AA7002791A4AE3F000C94EA2 /* HomeViewController.m in Sources */ = {isa = PBXBuildFile; fileRef = AA7002781A4AE3F000C94EA2 /* HomeViewController.m */; };
		AA70027E1A4AE3F000C94EA2 /* Images.xcassets in Resources */ = {isa = PBXBuildFile; fileRef = AA70027D1A4AE3F000C94EA2 /* Images.xcassets */; };
		AA7002811A4AE3F000C94EA2 /* LaunchScreen.xib in Resources */ = {isa = PBXBuildFile; fileRef = AA70027F1A4AE3F000C94EA2 /* LaunchScreen.xib */; };
		AA70028D1A4AE3F000C94EA2 /* Clock_InTests.m in Sources */ = {isa = PBXBuildFile; fileRef = AA70028C1A4AE3F000C94EA2 /* Clock_InTests.m */; };
		AA7002991A4AEA6300C94EA2 /* SettingsViewController.m in Sources */ = {isa = PBXBuildFile; fileRef = AA7002981A4AEA6300C94EA2 /* SettingsViewController.m */; };
		AA70029C1A4AEAE400C94EA2 /* EditNameViewController.m in Sources */ = {isa = PBXBuildFile; fileRef = AA70029B1A4AEAE400C94EA2 /* EditNameViewController.m */; };
		AA70029F1A4AEB0D00C94EA2 /* EditNumberViewController.m in Sources */ = {isa = PBXBuildFile; fileRef = AA70029E1A4AEB0D00C94EA2 /* EditNumberViewController.m */; };
		AA7002A51A4AEBA500C94EA2 /* BarcodeGenerator.m in Sources */ = {isa = PBXBuildFile; fileRef = AA7002A41A4AEBA500C94EA2 /* BarcodeGenerator.m */; };
		AA7002A71A4AF93D00C94EA2 /* App.storyboard in Resources */ = {isa = PBXBuildFile; fileRef = AA7002A61A4AF93D00C94EA2 /* App.storyboard */; };
		AA7FB4EE1B3965AF001D0E53 /* WatchBarcodeGenerator.m in Sources */ = {isa = PBXBuildFile; fileRef = AA7FB4ED1B3965AF001D0E53 /* WatchBarcodeGenerator.m */; };
		AA974D9F1ABDC70900BF2A8E /* NotificationCenter.framework in Frameworks */ = {isa = PBXBuildFile; fileRef = AA974D871ABDA56B00BF2A8E /* NotificationCenter.framework */; };
		AA974DA51ABDC70900BF2A8E /* TodayViewController.m in Sources */ = {isa = PBXBuildFile; fileRef = AA974DA41ABDC70900BF2A8E /* TodayViewController.m */; };
		AA974DA71ABDC70900BF2A8E /* MainInterface.storyboard in Resources */ = {isa = PBXBuildFile; fileRef = AA974DA61ABDC70900BF2A8E /* MainInterface.storyboard */; };
		AA974DAA1ABDC70900BF2A8E /* Clock In Widget.appex in Embed App Extensions */ = {isa = PBXBuildFile; fileRef = AA974D9E1ABDC70900BF2A8E /* Clock In Widget.appex */; settings = {ATTRIBUTES = (RemoveHeadersOnCopy, ); }; };
		AAE49D241AC1DAB900C84819 /* HomeNavigationController.m in Sources */ = {isa = PBXBuildFile; fileRef = AAE49D231AC1DAB900C84819 /* HomeNavigationController.m */; };
		AAE49D271AC1DF5A00C84819 /* SettingsNavigationController.m in Sources */ = {isa = PBXBuildFile; fileRef = AAE49D261AC1DF5A00C84819 /* SettingsNavigationController.m */; };
		AAF7CC971ABF1DBD00C5252A /* WidgetBarcodeRenderer.m in Sources */ = {isa = PBXBuildFile; fileRef = AAF7CC961ABF1DBD00C5252A /* WidgetBarcodeRenderer.m */; };
/* End PBXBuildFile section */

/* Begin PBXContainerItemProxy section */
		AA4F50401B3604D800E0C6A0 /* PBXContainerItemProxy */ = {
			isa = PBXContainerItemProxy;
			containerPortal = AA7002651A4AE3F000C94EA2 /* Project object */;
			proxyType = 1;
			remoteGlobalIDString = AA4F503D1B3604D800E0C6A0;
			remoteInfo = "Clock In WatchKit App";
		};
		AA4F504A1B3604D800E0C6A0 /* PBXContainerItemProxy */ = {
			isa = PBXContainerItemProxy;
			containerPortal = AA7002651A4AE3F000C94EA2 /* Project object */;
			proxyType = 1;
			remoteGlobalIDString = AA4F502B1B3604D800E0C6A0;
			remoteInfo = "Clock In WatchKit Extension";
		};
		AA7002871A4AE3F000C94EA2 /* PBXContainerItemProxy */ = {
			isa = PBXContainerItemProxy;
			containerPortal = AA7002651A4AE3F000C94EA2 /* Project object */;
			proxyType = 1;
			remoteGlobalIDString = AA70026C1A4AE3F000C94EA2;
			remoteInfo = "Clock In";
		};
		AA974DA81ABDC70900BF2A8E /* PBXContainerItemProxy */ = {
			isa = PBXContainerItemProxy;
			containerPortal = AA7002651A4AE3F000C94EA2 /* Project object */;
			proxyType = 1;
			remoteGlobalIDString = AA974D9D1ABDC70900BF2A8E;
			remoteInfo = "Clock In Widget";
		};
/* End PBXContainerItemProxy section */

/* Begin PBXCopyFilesBuildPhase section */
		AA974D971ABDA56B00BF2A8E /* Embed App Extensions */ = {
			isa = PBXCopyFilesBuildPhase;
			buildActionMask = 2147483647;
			dstPath = "";
			dstSubfolderSpec = 13;
			files = (
				AA4F504C1B3604D800E0C6A0 /* Clock In WatchKit Extension.appex in Embed App Extensions */,
				AA974DAA1ABDC70900BF2A8E /* Clock In Widget.appex in Embed App Extensions */,
			);
			name = "Embed App Extensions";
			runOnlyForDeploymentPostprocessing = 0;
		};
/* End PBXCopyFilesBuildPhase section */

/* Begin PBXFileReference section */
		AA4F502C1B3604D800E0C6A0 /* Clock In WatchKit Extension.appex */ = {isa = PBXFileReference; explicitFileType = "wrapper.app-extension"; includeInIndex = 0; path = "Clock In WatchKit Extension.appex"; sourceTree = BUILT_PRODUCTS_DIR; };
		AA4F502F1B3604D800E0C6A0 /* Info.plist */ = {isa = PBXFileReference; lastKnownFileType = text.plist.xml; path = Info.plist; sourceTree = "<group>"; };
		AA4F50301B3604D800E0C6A0 /* PushNotificationPayload.apns */ = {isa = PBXFileReference; lastKnownFileType = text; path = PushNotificationPayload.apns; sourceTree = "<group>"; };
		AA4F50311B3604D800E0C6A0 /* InterfaceController.h */ = {isa = PBXFileReference; lastKnownFileType = sourcecode.c.h; path = InterfaceController.h; sourceTree = "<group>"; };
		AA4F50321B3604D800E0C6A0 /* InterfaceController.m */ = {isa = PBXFileReference; lastKnownFileType = sourcecode.c.objc; path = InterfaceController.m; sourceTree = "<group>"; };
		AA4F50371B3604D800E0C6A0 /* GlanceController.h */ = {isa = PBXFileReference; lastKnownFileType = sourcecode.c.h; path = GlanceController.h; sourceTree = "<group>"; };
		AA4F50381B3604D800E0C6A0 /* GlanceController.m */ = {isa = PBXFileReference; lastKnownFileType = sourcecode.c.objc; path = GlanceController.m; sourceTree = "<group>"; };
		AA4F503A1B3604D800E0C6A0 /* Images.xcassets */ = {isa = PBXFileReference; lastKnownFileType = folder.assetcatalog; path = Images.xcassets; sourceTree = "<group>"; };
		AA4F503E1B3604D800E0C6A0 /* Clock In WatchKit App.app */ = {isa = PBXFileReference; explicitFileType = wrapper.application; includeInIndex = 0; path = "Clock In WatchKit App.app"; sourceTree = BUILT_PRODUCTS_DIR; };
		AA4F50441B3604D800E0C6A0 /* Info.plist */ = {isa = PBXFileReference; lastKnownFileType = text.plist.xml; path = Info.plist; sourceTree = "<group>"; };
		AA4F50461B3604D800E0C6A0 /* Base */ = {isa = PBXFileReference; lastKnownFileType = file.storyboard; name = Base; path = Base.lproj/Interface.storyboard; sourceTree = "<group>"; };
		AA4F50481B3604D800E0C6A0 /* Images.xcassets */ = {isa = PBXFileReference; lastKnownFileType = folder.assetcatalog; path = Images.xcassets; sourceTree = "<group>"; };
		AA70026D1A4AE3F000C94EA2 /* Clock In.app */ = {isa = PBXFileReference; explicitFileType = wrapper.application; includeInIndex = 0; path = "Clock In.app"; sourceTree = BUILT_PRODUCTS_DIR; };
		AA7002711A4AE3F000C94EA2 /* Info.plist */ = {isa = PBXFileReference; lastKnownFileType = text.plist.xml; path = Info.plist; sourceTree = "<group>"; };
		AA7002721A4AE3F000C94EA2 /* main.m */ = {isa = PBXFileReference; lastKnownFileType = sourcecode.c.objc; path = main.m; sourceTree = "<group>"; };
		AA7002741A4AE3F000C94EA2 /* AppDelegate.h */ = {isa = PBXFileReference; lastKnownFileType = sourcecode.c.h; path = AppDelegate.h; sourceTree = "<group>"; };
		AA7002751A4AE3F000C94EA2 /* AppDelegate.m */ = {isa = PBXFileReference; lastKnownFileType = sourcecode.c.objc; path = AppDelegate.m; sourceTree = "<group>"; };
		AA7002771A4AE3F000C94EA2 /* HomeViewController.h */ = {isa = PBXFileReference; lastKnownFileType = sourcecode.c.h; path = HomeViewController.h; sourceTree = "<group>"; };
		AA7002781A4AE3F000C94EA2 /* HomeViewController.m */ = {isa = PBXFileReference; lastKnownFileType = sourcecode.c.objc; path = HomeViewController.m; sourceTree = "<group>"; };
		AA70027D1A4AE3F000C94EA2 /* Images.xcassets */ = {isa = PBXFileReference; lastKnownFileType = folder.assetcatalog; path = Images.xcassets; sourceTree = "<group>"; };
		AA7002801A4AE3F000C94EA2 /* Base */ = {isa = PBXFileReference; lastKnownFileType = file.xib; name = Base; path = Base.lproj/LaunchScreen.xib; sourceTree = "<group>"; };
		AA7002861A4AE3F000C94EA2 /* Clock InTests.xctest */ = {isa = PBXFileReference; explicitFileType = wrapper.cfbundle; includeInIndex = 0; path = "Clock InTests.xctest"; sourceTree = BUILT_PRODUCTS_DIR; };
		AA70028B1A4AE3F000C94EA2 /* Info.plist */ = {isa = PBXFileReference; lastKnownFileType = text.plist.xml; path = Info.plist; sourceTree = "<group>"; };
		AA70028C1A4AE3F000C94EA2 /* Clock_InTests.m */ = {isa = PBXFileReference; lastKnownFileType = sourcecode.c.objc; path = Clock_InTests.m; sourceTree = "<group>"; };
		AA7002971A4AEA6300C94EA2 /* SettingsViewController.h */ = {isa = PBXFileReference; fileEncoding = 4; lastKnownFileType = sourcecode.c.h; path = SettingsViewController.h; sourceTree = "<group>"; };
		AA7002981A4AEA6300C94EA2 /* SettingsViewController.m */ = {isa = PBXFileReference; fileEncoding = 4; lastKnownFileType = sourcecode.c.objc; path = SettingsViewController.m; sourceTree = "<group>"; };
		AA70029A1A4AEAE400C94EA2 /* EditNameViewController.h */ = {isa = PBXFileReference; fileEncoding = 4; lastKnownFileType = sourcecode.c.h; path = EditNameViewController.h; sourceTree = "<group>"; };
		AA70029B1A4AEAE400C94EA2 /* EditNameViewController.m */ = {isa = PBXFileReference; fileEncoding = 4; lastKnownFileType = sourcecode.c.objc; path = EditNameViewController.m; sourceTree = "<group>"; };
		AA70029D1A4AEB0D00C94EA2 /* EditNumberViewController.h */ = {isa = PBXFileReference; fileEncoding = 4; lastKnownFileType = sourcecode.c.h; path = EditNumberViewController.h; sourceTree = "<group>"; };
		AA70029E1A4AEB0D00C94EA2 /* EditNumberViewController.m */ = {isa = PBXFileReference; fileEncoding = 4; lastKnownFileType = sourcecode.c.objc; path = EditNumberViewController.m; sourceTree = "<group>"; };
		AA7002A31A4AEBA500C94EA2 /* BarcodeGenerator.h */ = {isa = PBXFileReference; fileEncoding = 4; lastKnownFileType = sourcecode.c.h; path = BarcodeGenerator.h; sourceTree = "<group>"; };
		AA7002A41A4AEBA500C94EA2 /* BarcodeGenerator.m */ = {isa = PBXFileReference; fileEncoding = 4; lastKnownFileType = sourcecode.c.objc; path = BarcodeGenerator.m; sourceTree = "<group>"; };
		AA7002A61A4AF93D00C94EA2 /* App.storyboard */ = {isa = PBXFileReference; fileEncoding = 4; lastKnownFileType = file.storyboard; path = App.storyboard; sourceTree = "<group>"; };
		AA7FB4EC1B3965AF001D0E53 /* WatchBarcodeGenerator.h */ = {isa = PBXFileReference; fileEncoding = 4; lastKnownFileType = sourcecode.c.h; path = WatchBarcodeGenerator.h; sourceTree = "<group>"; };
		AA7FB4ED1B3965AF001D0E53 /* WatchBarcodeGenerator.m */ = {isa = PBXFileReference; fileEncoding = 4; lastKnownFileType = sourcecode.c.objc; path = WatchBarcodeGenerator.m; sourceTree = "<group>"; };
		AA7FB4EF1B397FEC001D0E53 /* Clock In WatchKit Extension.entitlements */ = {isa = PBXFileReference; lastKnownFileType = text.xml; path = "Clock In WatchKit Extension.entitlements"; sourceTree = "<group>"; };
		AA974D871ABDA56B00BF2A8E /* NotificationCenter.framework */ = {isa = PBXFileReference; lastKnownFileType = wrapper.framework; name = NotificationCenter.framework; path = System/Library/Frameworks/NotificationCenter.framework; sourceTree = SDKROOT; };
		AA974D981ABDA87100BF2A8E /* Clock In.entitlements */ = {isa = PBXFileReference; lastKnownFileType = text.xml; path = "Clock In.entitlements"; sourceTree = "<group>"; };
		AA974D9E1ABDC70900BF2A8E /* Clock In Widget.appex */ = {isa = PBXFileReference; explicitFileType = "wrapper.app-extension"; includeInIndex = 0; path = "Clock In Widget.appex"; sourceTree = BUILT_PRODUCTS_DIR; };
		AA974DA21ABDC70900BF2A8E /* Info.plist */ = {isa = PBXFileReference; lastKnownFileType = text.plist.xml; path = Info.plist; sourceTree = "<group>"; };
		AA974DA31ABDC70900BF2A8E /* TodayViewController.h */ = {isa = PBXFileReference; lastKnownFileType = sourcecode.c.h; path = TodayViewController.h; sourceTree = "<group>"; };
		AA974DA41ABDC70900BF2A8E /* TodayViewController.m */ = {isa = PBXFileReference; lastKnownFileType = sourcecode.c.objc; path = TodayViewController.m; sourceTree = "<group>"; };
		AA974DA61ABDC70900BF2A8E /* MainInterface.storyboard */ = {isa = PBXFileReference; lastKnownFileType = file.storyboard; path = MainInterface.storyboard; sourceTree = "<group>"; };
		AAE49D221AC1DAB900C84819 /* HomeNavigationController.h */ = {isa = PBXFileReference; fileEncoding = 4; lastKnownFileType = sourcecode.c.h; path = HomeNavigationController.h; sourceTree = "<group>"; };
		AAE49D231AC1DAB900C84819 /* HomeNavigationController.m */ = {isa = PBXFileReference; fileEncoding = 4; lastKnownFileType = sourcecode.c.objc; path = HomeNavigationController.m; sourceTree = "<group>"; };
		AAE49D251AC1DF5A00C84819 /* SettingsNavigationController.h */ = {isa = PBXFileReference; fileEncoding = 4; lastKnownFileType = sourcecode.c.h; path = SettingsNavigationController.h; sourceTree = "<group>"; };
		AAE49D261AC1DF5A00C84819 /* SettingsNavigationController.m */ = {isa = PBXFileReference; fileEncoding = 4; lastKnownFileType = sourcecode.c.objc; path = SettingsNavigationController.m; sourceTree = "<group>"; };
		AAF7CC941ABF12AC00C5252A /* Clock In Widget.entitlements */ = {isa = PBXFileReference; lastKnownFileType = text.xml; path = "Clock In Widget.entitlements"; sourceTree = "<group>"; };
		AAF7CC951ABF1DBD00C5252A /* WidgetBarcodeRenderer.h */ = {isa = PBXFileReference; fileEncoding = 4; lastKnownFileType = sourcecode.c.h; path = WidgetBarcodeRenderer.h; sourceTree = "<group>"; };
		AAF7CC961ABF1DBD00C5252A /* WidgetBarcodeRenderer.m */ = {isa = PBXFileReference; fileEncoding = 4; lastKnownFileType = sourcecode.c.objc; path = WidgetBarcodeRenderer.m; sourceTree = "<group>"; };
/* End PBXFileReference section */

/* Begin PBXFrameworksBuildPhase section */
		AA4F50291B3604D800E0C6A0 /* Frameworks */ = {
			isa = PBXFrameworksBuildPhase;
			buildActionMask = 2147483647;
			files = (
			);
			runOnlyForDeploymentPostprocessing = 0;
		};
		AA70026A1A4AE3F000C94EA2 /* Frameworks */ = {
			isa = PBXFrameworksBuildPhase;
			buildActionMask = 2147483647;
			files = (
			);
			runOnlyForDeploymentPostprocessing = 0;
		};
		AA7002831A4AE3F000C94EA2 /* Frameworks */ = {
			isa = PBXFrameworksBuildPhase;
			buildActionMask = 2147483647;
			files = (
			);
			runOnlyForDeploymentPostprocessing = 0;
		};
		AA974D9B1ABDC70900BF2A8E /* Frameworks */ = {
			isa = PBXFrameworksBuildPhase;
			buildActionMask = 2147483647;
			files = (
				AA974D9F1ABDC70900BF2A8E /* NotificationCenter.framework in Frameworks */,
			);
			runOnlyForDeploymentPostprocessing = 0;
		};
/* End PBXFrameworksBuildPhase section */

/* Begin PBXGroup section */
		AA4F502D1B3604D800E0C6A0 /* Clock In WatchKit Extension */ = {
			isa = PBXGroup;
			children = (
				AA7FB4EF1B397FEC001D0E53 /* Clock In WatchKit Extension.entitlements */,
				AA7FB4EC1B3965AF001D0E53 /* WatchBarcodeGenerator.h */,
				AA7FB4ED1B3965AF001D0E53 /* WatchBarcodeGenerator.m */,
				AA4F50311B3604D800E0C6A0 /* InterfaceController.h */,
				AA4F50321B3604D800E0C6A0 /* InterfaceController.m */,
				AA4F50371B3604D800E0C6A0 /* GlanceController.h */,
				AA4F50381B3604D800E0C6A0 /* GlanceController.m */,
				AA4F503A1B3604D800E0C6A0 /* Images.xcassets */,
				AA4F502E1B3604D800E0C6A0 /* Supporting Files */,
			);
			path = "Clock In WatchKit Extension";
			sourceTree = "<group>";
		};
		AA4F502E1B3604D800E0C6A0 /* Supporting Files */ = {
			isa = PBXGroup;
			children = (
				AA4F502F1B3604D800E0C6A0 /* Info.plist */,
				AA4F50301B3604D800E0C6A0 /* PushNotificationPayload.apns */,
			);
			name = "Supporting Files";
			sourceTree = "<group>";
		};
		AA4F50421B3604D800E0C6A0 /* Clock In WatchKit App */ = {
			isa = PBXGroup;
			children = (
				AA4F50451B3604D800E0C6A0 /* Interface.storyboard */,
				AA4F50481B3604D800E0C6A0 /* Images.xcassets */,
				AA4F50431B3604D800E0C6A0 /* Supporting Files */,
			);
			path = "Clock In WatchKit App";
			sourceTree = "<group>";
		};
		AA4F50431B3604D800E0C6A0 /* Supporting Files */ = {
			isa = PBXGroup;
			children = (
				AA4F50441B3604D800E0C6A0 /* Info.plist */,
			);
			name = "Supporting Files";
			sourceTree = "<group>";
		};
		AA7002641A4AE3F000C94EA2 = {
			isa = PBXGroup;
			children = (
				AA70026F1A4AE3F000C94EA2 /* Clock In */,
				AA7002891A4AE3F000C94EA2 /* Clock InTests */,
				AA974DA01ABDC70900BF2A8E /* Clock In Widget */,
				AA4F502D1B3604D800E0C6A0 /* Clock In WatchKit Extension */,
				AA4F50421B3604D800E0C6A0 /* Clock In WatchKit App */,
				AA974D861ABDA56B00BF2A8E /* Frameworks */,
				AA70026E1A4AE3F000C94EA2 /* Products */,
			);
			sourceTree = "<group>";
		};
		AA70026E1A4AE3F000C94EA2 /* Products */ = {
			isa = PBXGroup;
			children = (
				AA70026D1A4AE3F000C94EA2 /* Clock In.app */,
				AA7002861A4AE3F000C94EA2 /* Clock InTests.xctest */,
				AA974D9E1ABDC70900BF2A8E /* Clock In Widget.appex */,
				AA4F502C1B3604D800E0C6A0 /* Clock In WatchKit Extension.appex */,
				AA4F503E1B3604D800E0C6A0 /* Clock In WatchKit App.app */,
			);
			name = Products;
			sourceTree = "<group>";
		};
		AA70026F1A4AE3F000C94EA2 /* Clock In */ = {
			isa = PBXGroup;
			children = (
				AA974D981ABDA87100BF2A8E /* Clock In.entitlements */,
				AA7002A21A4AEB6A00C94EA2 /* Barcode */,
				AA7002A11A4AEB4C00C94EA2 /* Delegates */,
				AA7002A01A4AEB4300C94EA2 /* Views */,
				AA7002961A4AE9E100C94EA2 /* Controlers */,
				AA70027D1A4AE3F000C94EA2 /* Images.xcassets */,
				AA70027F1A4AE3F000C94EA2 /* LaunchScreen.xib */,
				AA7002701A4AE3F000C94EA2 /* Supporting Files */,
			);
			path = "Clock In";
			sourceTree = "<group>";
		};
		AA7002701A4AE3F000C94EA2 /* Supporting Files */ = {
			isa = PBXGroup;
			children = (
				AA7002711A4AE3F000C94EA2 /* Info.plist */,
				AA7002721A4AE3F000C94EA2 /* main.m */,
			);
			name = "Supporting Files";
			sourceTree = "<group>";
		};
		AA7002891A4AE3F000C94EA2 /* Clock InTests */ = {
			isa = PBXGroup;
			children = (
				AA70028C1A4AE3F000C94EA2 /* Clock_InTests.m */,
				AA70028A1A4AE3F000C94EA2 /* Supporting Files */,
			);
			path = "Clock InTests";
			sourceTree = "<group>";
		};
		AA70028A1A4AE3F000C94EA2 /* Supporting Files */ = {
			isa = PBXGroup;
			children = (
				AA70028B1A4AE3F000C94EA2 /* Info.plist */,
			);
			name = "Supporting Files";
			sourceTree = "<group>";
		};
		AA7002961A4AE9E100C94EA2 /* Controlers */ = {
			isa = PBXGroup;
			children = (
				AA7002771A4AE3F000C94EA2 /* HomeViewController.h */,
				AA7002781A4AE3F000C94EA2 /* HomeViewController.m */,
				AA7002971A4AEA6300C94EA2 /* SettingsViewController.h */,
				AA7002981A4AEA6300C94EA2 /* SettingsViewController.m */,
				AA70029A1A4AEAE400C94EA2 /* EditNameViewController.h */,
				AA70029B1A4AEAE400C94EA2 /* EditNameViewController.m */,
				AA70029D1A4AEB0D00C94EA2 /* EditNumberViewController.h */,
				AA70029E1A4AEB0D00C94EA2 /* EditNumberViewController.m */,
				AAE49D221AC1DAB900C84819 /* HomeNavigationController.h */,
				AAE49D231AC1DAB900C84819 /* HomeNavigationController.m */,
				AAE49D251AC1DF5A00C84819 /* SettingsNavigationController.h */,
				AAE49D261AC1DF5A00C84819 /* SettingsNavigationController.m */,
			);
			name = Controlers;
			sourceTree = "<group>";
		};
		AA7002A01A4AEB4300C94EA2 /* Views */ = {
			isa = PBXGroup;
			children = (
				AA7002A61A4AF93D00C94EA2 /* App.storyboard */,
			);
			name = Views;
			sourceTree = "<group>";
		};
		AA7002A11A4AEB4C00C94EA2 /* Delegates */ = {
			isa = PBXGroup;
			children = (
				AA7002741A4AE3F000C94EA2 /* AppDelegate.h */,
				AA7002751A4AE3F000C94EA2 /* AppDelegate.m */,
			);
			name = Delegates;
			sourceTree = "<group>";
		};
		AA7002A21A4AEB6A00C94EA2 /* Barcode */ = {
			isa = PBXGroup;
			children = (
				AA7002A31A4AEBA500C94EA2 /* BarcodeGenerator.h */,
				AA7002A41A4AEBA500C94EA2 /* BarcodeGenerator.m */,
			);
			name = Barcode;
			sourceTree = "<group>";
		};
		AA974D861ABDA56B00BF2A8E /* Frameworks */ = {
			isa = PBXGroup;
			children = (
				AA974D871ABDA56B00BF2A8E /* NotificationCenter.framework */,
			);
			name = Frameworks;
			sourceTree = "<group>";
		};
		AA974DA01ABDC70900BF2A8E /* Clock In Widget */ = {
			isa = PBXGroup;
			children = (
				AAF7CC941ABF12AC00C5252A /* Clock In Widget.entitlements */,
				AA974DA31ABDC70900BF2A8E /* TodayViewController.h */,
				AA974DA41ABDC70900BF2A8E /* TodayViewController.m */,
				AAF7CC951ABF1DBD00C5252A /* WidgetBarcodeRenderer.h */,
				AAF7CC961ABF1DBD00C5252A /* WidgetBarcodeRenderer.m */,
				AA974DA61ABDC70900BF2A8E /* MainInterface.storyboard */,
				AA974DA11ABDC70900BF2A8E /* Supporting Files */,
			);
			path = "Clock In Widget";
			sourceTree = "<group>";
		};
		AA974DA11ABDC70900BF2A8E /* Supporting Files */ = {
			isa = PBXGroup;
			children = (
				AA974DA21ABDC70900BF2A8E /* Info.plist */,
			);
			name = "Supporting Files";
			sourceTree = "<group>";
		};
/* End PBXGroup section */

/* Begin PBXNativeTarget section */
		AA4F502B1B3604D800E0C6A0 /* Clock In WatchKit Extension */ = {
			isa = PBXNativeTarget;
			buildConfigurationList = AA4F50521B3604D800E0C6A0 /* Build configuration list for PBXNativeTarget "Clock In WatchKit Extension" */;
			buildPhases = (
				AA4F50281B3604D800E0C6A0 /* Sources */,
				AA4F50291B3604D800E0C6A0 /* Frameworks */,
				AA4F502A1B3604D800E0C6A0 /* Resources */,
			);
			buildRules = (
			);
			dependencies = (
				AA4F50411B3604D800E0C6A0 /* PBXTargetDependency */,
			);
			name = "Clock In WatchKit Extension";
			productName = "Clock In WatchKit Extension";
			productReference = AA4F502C1B3604D800E0C6A0 /* Clock In WatchKit Extension.appex */;
			productType = "com.apple.product-type.watchkit-extension";
		};
		AA4F503D1B3604D800E0C6A0 /* Clock In WatchKit App */ = {
			isa = PBXNativeTarget;
			buildConfigurationList = AA4F50511B3604D800E0C6A0 /* Build configuration list for PBXNativeTarget "Clock In WatchKit App" */;
			buildPhases = (
				AA4F503C1B3604D800E0C6A0 /* Resources */,
			);
			buildRules = (
			);
			dependencies = (
			);
			name = "Clock In WatchKit App";
			productName = "Clock In WatchKit App";
			productReference = AA4F503E1B3604D800E0C6A0 /* Clock In WatchKit App.app */;
			productType = "com.apple.product-type.application.watchapp";
		};
		AA70026C1A4AE3F000C94EA2 /* Clock In */ = {
			isa = PBXNativeTarget;
			buildConfigurationList = AA7002901A4AE3F000C94EA2 /* Build configuration list for PBXNativeTarget "Clock In" */;
			buildPhases = (
				AA7002691A4AE3F000C94EA2 /* Sources */,
				AA70026A1A4AE3F000C94EA2 /* Frameworks */,
				AA70026B1A4AE3F000C94EA2 /* Resources */,
				AA974D971ABDA56B00BF2A8E /* Embed App Extensions */,
			);
			buildRules = (
			);
			dependencies = (
				AA974DA91ABDC70900BF2A8E /* PBXTargetDependency */,
				AA4F504B1B3604D800E0C6A0 /* PBXTargetDependency */,
			);
			name = "Clock In";
			productName = "Clock In";
			productReference = AA70026D1A4AE3F000C94EA2 /* Clock In.app */;
			productType = "com.apple.product-type.application";
		};
		AA7002851A4AE3F000C94EA2 /* Clock InTests */ = {
			isa = PBXNativeTarget;
			buildConfigurationList = AA7002931A4AE3F000C94EA2 /* Build configuration list for PBXNativeTarget "Clock InTests" */;
			buildPhases = (
				AA7002821A4AE3F000C94EA2 /* Sources */,
				AA7002831A4AE3F000C94EA2 /* Frameworks */,
				AA7002841A4AE3F000C94EA2 /* Resources */,
			);
			buildRules = (
			);
			dependencies = (
				AA7002881A4AE3F000C94EA2 /* PBXTargetDependency */,
			);
			name = "Clock InTests";
			productName = "Clock InTests";
			productReference = AA7002861A4AE3F000C94EA2 /* Clock InTests.xctest */;
			productType = "com.apple.product-type.bundle.unit-test";
		};
		AA974D9D1ABDC70900BF2A8E /* Clock In Widget */ = {
			isa = PBXNativeTarget;
			buildConfigurationList = AA974DAB1ABDC70A00BF2A8E /* Build configuration list for PBXNativeTarget "Clock In Widget" */;
			buildPhases = (
				AA974D9A1ABDC70900BF2A8E /* Sources */,
				AA974D9B1ABDC70900BF2A8E /* Frameworks */,
				AA974D9C1ABDC70900BF2A8E /* Resources */,
			);
			buildRules = (
			);
			dependencies = (
			);
			name = "Clock In Widget";
			productName = "Clock In Widget";
			productReference = AA974D9E1ABDC70900BF2A8E /* Clock In Widget.appex */;
			productType = "com.apple.product-type.app-extension";
		};
/* End PBXNativeTarget section */

/* Begin PBXProject section */
		AA7002651A4AE3F000C94EA2 /* Project object */ = {
			isa = PBXProject;
			attributes = {
				LastUpgradeCheck = 0610;
				ORGANIZATIONNAME = "Steve Ewell";
				TargetAttributes = {
					AA4F502B1B3604D800E0C6A0 = {
						CreatedOnToolsVersion = 6.3.2;
						DevelopmentTeam = ES947SD9KT;
						SystemCapabilities = {
							com.apple.ApplicationGroups.iOS = {
								enabled = 1;
							};
							com.apple.SafariKeychain = {
								enabled = 0;
							};
						};
					};
					AA4F503D1B3604D800E0C6A0 = {
						CreatedOnToolsVersion = 6.3.2;
					};
					AA70026C1A4AE3F000C94EA2 = {
						CreatedOnToolsVersion = 6.1.1;
						DevelopmentTeam = ES947SD9KT;
						SystemCapabilities = {
							com.apple.ApplicationGroups.iOS = {
								enabled = 1;
							};
						};
					};
					AA7002851A4AE3F000C94EA2 = {
						CreatedOnToolsVersion = 6.1.1;
						TestTargetID = AA70026C1A4AE3F000C94EA2;
					};
					AA974D9D1ABDC70900BF2A8E = {
						CreatedOnToolsVersion = 6.2;
						DevelopmentTeam = ES947SD9KT;
						SystemCapabilities = {
							com.apple.ApplicationGroups.iOS = {
								enabled = 1;
							};
						};
					};
				};
			};
			buildConfigurationList = AA7002681A4AE3F000C94EA2 /* Build configuration list for PBXProject "Clock In" */;
			compatibilityVersion = "Xcode 3.2";
			developmentRegion = English;
			hasScannedForEncodings = 0;
			knownRegions = (
				en,
				Base,
			);
			mainGroup = AA7002641A4AE3F000C94EA2;
			productRefGroup = AA70026E1A4AE3F000C94EA2 /* Products */;
			projectDirPath = "";
			projectRoot = "";
			targets = (
				AA70026C1A4AE3F000C94EA2 /* Clock In */,
				AA7002851A4AE3F000C94EA2 /* Clock InTests */,
				AA974D9D1ABDC70900BF2A8E /* Clock In Widget */,
				AA4F502B1B3604D800E0C6A0 /* Clock In WatchKit Extension */,
				AA4F503D1B3604D800E0C6A0 /* Clock In WatchKit App */,
			);
		};
/* End PBXProject section */

/* Begin PBXResourcesBuildPhase section */
		AA4F502A1B3604D800E0C6A0 /* Resources */ = {
			isa = PBXResourcesBuildPhase;
			buildActionMask = 2147483647;
			files = (
				AA4F503B1B3604D800E0C6A0 /* Images.xcassets in Resources */,
				AA4F503F1B3604D800E0C6A0 /* Clock In WatchKit App.app in Resources */,
			);
			runOnlyForDeploymentPostprocessing = 0;
		};
		AA4F503C1B3604D800E0C6A0 /* Resources */ = {
			isa = PBXResourcesBuildPhase;
			buildActionMask = 2147483647;
			files = (
				AA4F50471B3604D800E0C6A0 /* Interface.storyboard in Resources */,
				AA4F50491B3604D800E0C6A0 /* Images.xcassets in Resources */,
			);
			runOnlyForDeploymentPostprocessing = 0;
		};
		AA70026B1A4AE3F000C94EA2 /* Resources */ = {
			isa = PBXResourcesBuildPhase;
			buildActionMask = 2147483647;
			files = (
				AA7002811A4AE3F000C94EA2 /* LaunchScreen.xib in Resources */,
				AA70027E1A4AE3F000C94EA2 /* Images.xcassets in Resources */,
				AA7002A71A4AF93D00C94EA2 /* App.storyboard in Resources */,
			);
			runOnlyForDeploymentPostprocessing = 0;
		};
		AA7002841A4AE3F000C94EA2 /* Resources */ = {
			isa = PBXResourcesBuildPhase;
			buildActionMask = 2147483647;
			files = (
			);
			runOnlyForDeploymentPostprocessing = 0;
		};
		AA974D9C1ABDC70900BF2A8E /* Resources */ = {
			isa = PBXResourcesBuildPhase;
			buildActionMask = 2147483647;
			files = (
				AA974DA71ABDC70900BF2A8E /* MainInterface.storyboard in Resources */,
			);
			runOnlyForDeploymentPostprocessing = 0;
		};
/* End PBXResourcesBuildPhase section */

/* Begin PBXSourcesBuildPhase section */
		AA4F50281B3604D800E0C6A0 /* Sources */ = {
			isa = PBXSourcesBuildPhase;
			buildActionMask = 2147483647;
			files = (
				AA7FB4EE1B3965AF001D0E53 /* WatchBarcodeGenerator.m in Sources */,
				AA4F50331B3604D800E0C6A0 /* InterfaceController.m in Sources */,
				AA4F50391B3604D800E0C6A0 /* GlanceController.m in Sources */,
			);
			runOnlyForDeploymentPostprocessing = 0;
		};
		AA7002691A4AE3F000C94EA2 /* Sources */ = {
			isa = PBXSourcesBuildPhase;
			buildActionMask = 2147483647;
			files = (
				AA7002791A4AE3F000C94EA2 /* HomeViewController.m in Sources */,
				AA70029F1A4AEB0D00C94EA2 /* EditNumberViewController.m in Sources */,
				AAE49D241AC1DAB900C84819 /* HomeNavigationController.m in Sources */,
				AA70029C1A4AEAE400C94EA2 /* EditNameViewController.m in Sources */,
				AA7002761A4AE3F000C94EA2 /* AppDelegate.m in Sources */,
				AA7002731A4AE3F000C94EA2 /* main.m in Sources */,
				AAE49D271AC1DF5A00C84819 /* SettingsNavigationController.m in Sources */,
				AA7002A51A4AEBA500C94EA2 /* BarcodeGenerator.m in Sources */,
				AA7002991A4AEA6300C94EA2 /* SettingsViewController.m in Sources */,
			);
			runOnlyForDeploymentPostprocessing = 0;
		};
		AA7002821A4AE3F000C94EA2 /* Sources */ = {
			isa = PBXSourcesBuildPhase;
			buildActionMask = 2147483647;
			files = (
				AA70028D1A4AE3F000C94EA2 /* Clock_InTests.m in Sources */,
			);
			runOnlyForDeploymentPostprocessing = 0;
		};
		AA974D9A1ABDC70900BF2A8E /* Sources */ = {
			isa = PBXSourcesBuildPhase;
			buildActionMask = 2147483647;
			files = (
				AA974DA51ABDC70900BF2A8E /* TodayViewController.m in Sources */,
				AAF7CC971ABF1DBD00C5252A /* WidgetBarcodeRenderer.m in Sources */,
			);
			runOnlyForDeploymentPostprocessing = 0;
		};
/* End PBXSourcesBuildPhase section */

/* Begin PBXTargetDependency section */
		AA4F50411B3604D800E0C6A0 /* PBXTargetDependency */ = {
			isa = PBXTargetDependency;
			target = AA4F503D1B3604D800E0C6A0 /* Clock In WatchKit App */;
			targetProxy = AA4F50401B3604D800E0C6A0 /* PBXContainerItemProxy */;
		};
		AA4F504B1B3604D800E0C6A0 /* PBXTargetDependency */ = {
			isa = PBXTargetDependency;
			target = AA4F502B1B3604D800E0C6A0 /* Clock In WatchKit Extension */;
			targetProxy = AA4F504A1B3604D800E0C6A0 /* PBXContainerItemProxy */;
		};
		AA7002881A4AE3F000C94EA2 /* PBXTargetDependency */ = {
			isa = PBXTargetDependency;
			target = AA70026C1A4AE3F000C94EA2 /* Clock In */;
			targetProxy = AA7002871A4AE3F000C94EA2 /* PBXContainerItemProxy */;
		};
		AA974DA91ABDC70900BF2A8E /* PBXTargetDependency */ = {
			isa = PBXTargetDependency;
			target = AA974D9D1ABDC70900BF2A8E /* Clock In Widget */;
			targetProxy = AA974DA81ABDC70900BF2A8E /* PBXContainerItemProxy */;
		};
/* End PBXTargetDependency section */

/* Begin PBXVariantGroup section */
		AA4F50451B3604D800E0C6A0 /* Interface.storyboard */ = {
			isa = PBXVariantGroup;
			children = (
				AA4F50461B3604D800E0C6A0 /* Base */,
			);
			name = Interface.storyboard;
			sourceTree = "<group>";
		};
		AA70027F1A4AE3F000C94EA2 /* LaunchScreen.xib */ = {
			isa = PBXVariantGroup;
			children = (
				AA7002801A4AE3F000C94EA2 /* Base */,
			);
			name = LaunchScreen.xib;
			sourceTree = "<group>";
		};
/* End PBXVariantGroup section */

/* Begin XCBuildConfiguration section */
		AA4F504D1B3604D800E0C6A0 /* Debug */ = {
			isa = XCBuildConfiguration;
			buildSettings = {
				CODE_SIGN_ENTITLEMENTS = "Clock In WatchKit Extension/Clock In WatchKit Extension.entitlements";
				CODE_SIGN_IDENTITY = "iPhone Developer";
				"CODE_SIGN_IDENTITY[sdk=iphoneos*]" = "iPhone Developer";
				DEBUG_INFORMATION_FORMAT = "dwarf-with-dsym";
				GCC_NO_COMMON_BLOCKS = YES;
				GCC_PREPROCESSOR_DEFINITIONS = (
					"DEBUG=1",
					"$(inherited)",
				);
				INFOPLIST_FILE = "Clock In WatchKit Extension/Info.plist";
				IPHONEOS_DEPLOYMENT_TARGET = 8.3;
				LD_RUNPATH_SEARCH_PATHS = "$(inherited) @executable_path/Frameworks @executable_path/../../Frameworks";
				PRODUCT_NAME = "${TARGET_NAME}";
				PROVISIONING_PROFILE = "";
				SKIP_INSTALL = YES;
			};
			name = Debug;
		};
		AA4F504E1B3604D800E0C6A0 /* Release */ = {
			isa = XCBuildConfiguration;
			buildSettings = {
				CODE_SIGN_ENTITLEMENTS = "Clock In WatchKit Extension/Clock In WatchKit Extension.entitlements";
				CODE_SIGN_IDENTITY = "iPhone Developer";
				"CODE_SIGN_IDENTITY[sdk=iphoneos*]" = "iPhone Developer";
				DEBUG_INFORMATION_FORMAT = "dwarf-with-dsym";
				GCC_NO_COMMON_BLOCKS = YES;
				INFOPLIST_FILE = "Clock In WatchKit Extension/Info.plist";
				IPHONEOS_DEPLOYMENT_TARGET = 8.3;
				LD_RUNPATH_SEARCH_PATHS = "$(inherited) @executable_path/Frameworks @executable_path/../../Frameworks";
				PRODUCT_NAME = "${TARGET_NAME}";
				PROVISIONING_PROFILE = "";
				SKIP_INSTALL = YES;
			};
			name = Release;
		};
		AA4F504F1B3604D800E0C6A0 /* Debug */ = {
			isa = XCBuildConfiguration;
			buildSettings = {
				ASSETCATALOG_COMPILER_APPICON_NAME = AppIcon;
				DEBUG_INFORMATION_FORMAT = "dwarf-with-dsym";
				GCC_NO_COMMON_BLOCKS = YES;
				GCC_PREPROCESSOR_DEFINITIONS = (
					"DEBUG=1",
					"$(inherited)",
				);
				IBSC_MODULE = Clock_In_WatchKit_Extension;
				INFOPLIST_FILE = "Clock In WatchKit App/Info.plist";
				IPHONEOS_DEPLOYMENT_TARGET = 8.2;
				PRODUCT_NAME = "$(TARGET_NAME)";
				SKIP_INSTALL = YES;
				TARGETED_DEVICE_FAMILY = 4;
				"TARGETED_DEVICE_FAMILY[sdk=iphonesimulator*]" = "1,4";
			};
			name = Debug;
		};
		AA4F50501B3604D800E0C6A0 /* Release */ = {
			isa = XCBuildConfiguration;
			buildSettings = {
				ASSETCATALOG_COMPILER_APPICON_NAME = AppIcon;
				DEBUG_INFORMATION_FORMAT = "dwarf-with-dsym";
				GCC_NO_COMMON_BLOCKS = YES;
				IBSC_MODULE = Clock_In_WatchKit_Extension;
				INFOPLIST_FILE = "Clock In WatchKit App/Info.plist";
				IPHONEOS_DEPLOYMENT_TARGET = 8.2;
				PRODUCT_NAME = "$(TARGET_NAME)";
				SKIP_INSTALL = YES;
				TARGETED_DEVICE_FAMILY = 4;
				"TARGETED_DEVICE_FAMILY[sdk=iphonesimulator*]" = "1,4";
			};
			name = Release;
		};
		AA70028E1A4AE3F000C94EA2 /* Debug */ = {
			isa = XCBuildConfiguration;
			buildSettings = {
				ALWAYS_SEARCH_USER_PATHS = NO;
				CLANG_CXX_LANGUAGE_STANDARD = "gnu++0x";
				CLANG_CXX_LIBRARY = "libc++";
				CLANG_ENABLE_MODULES = YES;
				CLANG_ENABLE_OBJC_ARC = YES;
				CLANG_WARN_BOOL_CONVERSION = YES;
				CLANG_WARN_CONSTANT_CONVERSION = YES;
				CLANG_WARN_DIRECT_OBJC_ISA_USAGE = YES_ERROR;
				CLANG_WARN_EMPTY_BODY = YES;
				CLANG_WARN_ENUM_CONVERSION = YES;
				CLANG_WARN_INT_CONVERSION = YES;
				CLANG_WARN_OBJC_ROOT_CLASS = YES_ERROR;
				CLANG_WARN_UNREACHABLE_CODE = YES;
				CLANG_WARN__DUPLICATE_METHOD_MATCH = YES;
				"CODE_SIGN_IDENTITY[sdk=iphoneos*]" = "iPhone Developer";
				COPY_PHASE_STRIP = NO;
				ENABLE_STRICT_OBJC_MSGSEND = YES;
				GCC_C_LANGUAGE_STANDARD = gnu99;
				GCC_DYNAMIC_NO_PIC = NO;
				GCC_OPTIMIZATION_LEVEL = 0;
				GCC_PREPROCESSOR_DEFINITIONS = (
					"DEBUG=1",
					"$(inherited)",
				);
				GCC_SYMBOLS_PRIVATE_EXTERN = NO;
				GCC_WARN_64_TO_32_BIT_CONVERSION = YES;
				GCC_WARN_ABOUT_RETURN_TYPE = YES_ERROR;
				GCC_WARN_UNDECLARED_SELECTOR = YES;
				GCC_WARN_UNINITIALIZED_AUTOS = YES_AGGRESSIVE;
				GCC_WARN_UNUSED_FUNCTION = YES;
				GCC_WARN_UNUSED_VARIABLE = YES;
				IPHONEOS_DEPLOYMENT_TARGET = 8.1;
				MTL_ENABLE_DEBUG_INFO = YES;
				ONLY_ACTIVE_ARCH = YES;
				SDKROOT = iphoneos;
			};
			name = Debug;
		};
		AA70028F1A4AE3F000C94EA2 /* Release */ = {
			isa = XCBuildConfiguration;
			buildSettings = {
				ALWAYS_SEARCH_USER_PATHS = NO;
				CLANG_CXX_LANGUAGE_STANDARD = "gnu++0x";
				CLANG_CXX_LIBRARY = "libc++";
				CLANG_ENABLE_MODULES = YES;
				CLANG_ENABLE_OBJC_ARC = YES;
				CLANG_WARN_BOOL_CONVERSION = YES;
				CLANG_WARN_CONSTANT_CONVERSION = YES;
				CLANG_WARN_DIRECT_OBJC_ISA_USAGE = YES_ERROR;
				CLANG_WARN_EMPTY_BODY = YES;
				CLANG_WARN_ENUM_CONVERSION = YES;
				CLANG_WARN_INT_CONVERSION = YES;
				CLANG_WARN_OBJC_ROOT_CLASS = YES_ERROR;
				CLANG_WARN_UNREACHABLE_CODE = YES;
				CLANG_WARN__DUPLICATE_METHOD_MATCH = YES;
				"CODE_SIGN_IDENTITY[sdk=iphoneos*]" = "iPhone Developer";
				COPY_PHASE_STRIP = NO;
				ENABLE_NS_ASSERTIONS = NO;
				ENABLE_STRICT_OBJC_MSGSEND = YES;
				GCC_C_LANGUAGE_STANDARD = gnu99;
				GCC_WARN_64_TO_32_BIT_CONVERSION = YES;
				GCC_WARN_ABOUT_RETURN_TYPE = YES_ERROR;
				GCC_WARN_UNDECLARED_SELECTOR = YES;
				GCC_WARN_UNINITIALIZED_AUTOS = YES_AGGRESSIVE;
				GCC_WARN_UNUSED_FUNCTION = YES;
				GCC_WARN_UNUSED_VARIABLE = YES;
				IPHONEOS_DEPLOYMENT_TARGET = 8.1;
				MTL_ENABLE_DEBUG_INFO = NO;
				SDKROOT = iphoneos;
				VALIDATE_PRODUCT = YES;
			};
			name = Release;
		};
		AA7002911A4AE3F000C94EA2 /* Debug */ = {
			isa = XCBuildConfiguration;
			buildSettings = {
				ASSETCATALOG_COMPILER_APPICON_NAME = AppIcon;
				ASSETCATALOG_COMPILER_LAUNCHIMAGE_NAME = LaunchImage;
				CODE_SIGN_ENTITLEMENTS = "Clock In/Clock In.entitlements";
				CODE_SIGN_IDENTITY = "iPhone Developer";
				"CODE_SIGN_IDENTITY[sdk=iphoneos*]" = "iPhone Developer";
				INFOPLIST_FILE = "Clock In/Info.plist";
				IPHONEOS_DEPLOYMENT_TARGET = 7.1;
				LD_RUNPATH_SEARCH_PATHS = "$(inherited) @executable_path/Frameworks";
				PRODUCT_NAME = "$(TARGET_NAME)";
				PROVISIONING_PROFILE = "";
			};
			name = Debug;
		};
		AA7002921A4AE3F000C94EA2 /* Release */ = {
			isa = XCBuildConfiguration;
			buildSettings = {
				ASSETCATALOG_COMPILER_APPICON_NAME = AppIcon;
				ASSETCATALOG_COMPILER_LAUNCHIMAGE_NAME = LaunchImage;
				CODE_SIGN_ENTITLEMENTS = "Clock In/Clock In.entitlements";
				CODE_SIGN_IDENTITY = "iPhone Developer";
				"CODE_SIGN_IDENTITY[sdk=iphoneos*]" = "iPhone Developer";
				INFOPLIST_FILE = "Clock In/Info.plist";
				IPHONEOS_DEPLOYMENT_TARGET = 7.1;
				LD_RUNPATH_SEARCH_PATHS = "$(inherited) @executable_path/Frameworks";
				PRODUCT_NAME = "$(TARGET_NAME)";
				PROVISIONING_PROFILE = "";
			};
			name = Release;
		};
		AA7002941A4AE3F000C94EA2 /* Debug */ = {
			isa = XCBuildConfiguration;
			buildSettings = {
				BUNDLE_LOADER = "$(TEST_HOST)";
				FRAMEWORK_SEARCH_PATHS = (
					"$(SDKROOT)/Developer/Library/Frameworks",
					"$(inherited)",
				);
				GCC_PREPROCESSOR_DEFINITIONS = (
					"DEBUG=1",
					"$(inherited)",
				);
				INFOPLIST_FILE = "Clock InTests/Info.plist";
				LD_RUNPATH_SEARCH_PATHS = "$(inherited) @executable_path/Frameworks @loader_path/Frameworks";
				PRODUCT_NAME = "$(TARGET_NAME)";
				TEST_HOST = "$(BUILT_PRODUCTS_DIR)/Clock In.app/Clock In";
			};
			name = Debug;
		};
		AA7002951A4AE3F000C94EA2 /* Release */ = {
			isa = XCBuildConfiguration;
			buildSettings = {
				BUNDLE_LOADER = "$(TEST_HOST)";
				FRAMEWORK_SEARCH_PATHS = (
					"$(SDKROOT)/Developer/Library/Frameworks",
					"$(inherited)",
				);
				INFOPLIST_FILE = "Clock InTests/Info.plist";
				LD_RUNPATH_SEARCH_PATHS = "$(inherited) @executable_path/Frameworks @loader_path/Frameworks";
				PRODUCT_NAME = "$(TARGET_NAME)";
				TEST_HOST = "$(BUILT_PRODUCTS_DIR)/Clock In.app/Clock In";
			};
			name = Release;
		};
		AA974DAC1ABDC70A00BF2A8E /* Debug */ = {
			isa = XCBuildConfiguration;
			buildSettings = {
				CODE_SIGN_ENTITLEMENTS = "Clock In Widget/Clock In Widget.entitlements";
				CODE_SIGN_IDENTITY = "iPhone Developer";
				"CODE_SIGN_IDENTITY[sdk=iphoneos*]" = "iPhone Developer";
				GCC_PREPROCESSOR_DEFINITIONS = (
					"DEBUG=1",
					"$(inherited)",
				);
				INFOPLIST_FILE = "Clock In Widget/Info.plist";
				IPHONEOS_DEPLOYMENT_TARGET = 8.2;
				LD_RUNPATH_SEARCH_PATHS = "$(inherited) @executable_path/Frameworks @executable_path/../../Frameworks";
				PRODUCT_NAME = "$(TARGET_NAME)";
				PROVISIONING_PROFILE = "";
				SKIP_INSTALL = YES;
			};
			name = Debug;
		};
		AA974DAD1ABDC70A00BF2A8E /* Release */ = {
			isa = XCBuildConfiguration;
			buildSettings = {
				CODE_SIGN_ENTITLEMENTS = "Clock In Widget/Clock In Widget.entitlements";
				CODE_SIGN_IDENTITY = "iPhone Developer";
				"CODE_SIGN_IDENTITY[sdk=iphoneos*]" = "iPhone Developer";
				COPY_PHASE_STRIP = NO;
				INFOPLIST_FILE = "Clock In Widget/Info.plist";
				IPHONEOS_DEPLOYMENT_TARGET = 8.2;
				LD_RUNPATH_SEARCH_PATHS = "$(inherited) @executable_path/Frameworks @executable_path/../../Frameworks";
				PRODUCT_NAME = "$(TARGET_NAME)";
				PROVISIONING_PROFILE = "";
				SKIP_INSTALL = YES;
			};
			name = Release;
		};
/* End XCBuildConfiguration section */

/* Begin XCConfigurationList section */
		AA4F50511B3604D800E0C6A0 /* Build configuration list for PBXNativeTarget "Clock In WatchKit App" */ = {
			isa = XCConfigurationList;
			buildConfigurations = (
				AA4F504F1B3604D800E0C6A0 /* Debug */,
				AA4F50501B3604D800E0C6A0 /* Release */,
			);
			defaultConfigurationIsVisible = 0;
			defaultConfigurationName = Release;
		};
		AA4F50521B3604D800E0C6A0 /* Build configuration list for PBXNativeTarget "Clock In WatchKit Extension" */ = {
			isa = XCConfigurationList;
			buildConfigurations = (
				AA4F504D1B3604D800E0C6A0 /* Debug */,
				AA4F504E1B3604D800E0C6A0 /* Release */,
			);
			defaultConfigurationIsVisible = 0;
			defaultConfigurationName = Release;
		};
		AA7002681A4AE3F000C94EA2 /* Build configuration list for PBXProject "Clock In" */ = {
			isa = XCConfigurationList;
			buildConfigurations = (
				AA70028E1A4AE3F000C94EA2 /* Debug */,
				AA70028F1A4AE3F000C94EA2 /* Release */,
			);
			defaultConfigurationIsVisible = 0;
			defaultConfigurationName = Release;
		};
		AA7002901A4AE3F000C94EA2 /* Build configuration list for PBXNativeTarget "Clock In" */ = {
			isa = XCConfigurationList;
			buildConfigurations = (
				AA7002911A4AE3F000C94EA2 /* Debug */,
				AA7002921A4AE3F000C94EA2 /* Release */,
			);
			defaultConfigurationIsVisible = 0;
			defaultConfigurationName = Release;
		};
		AA7002931A4AE3F000C94EA2 /* Build configuration list for PBXNativeTarget "Clock InTests" */ = {
			isa = XCConfigurationList;
			buildConfigurations = (
				AA7002941A4AE3F000C94EA2 /* Debug */,
				AA7002951A4AE3F000C94EA2 /* Release */,
			);
			defaultConfigurationIsVisible = 0;
			defaultConfigurationName = Release;
		};
		AA974DAB1ABDC70A00BF2A8E /* Build configuration list for PBXNativeTarget "Clock In Widget" */ = {
			isa = XCConfigurationList;
			buildConfigurations = (
				AA974DAC1ABDC70A00BF2A8E /* Debug */,
				AA974DAD1ABDC70A00BF2A8E /* Release */,
			);
			defaultConfigurationIsVisible = 0;
			defaultConfigurationName = Release;
		};
/* End XCConfigurationList section */
	};
	rootObject = AA7002651A4AE3F000C94EA2 /* Project object */;
}
