// !$*UTF8*$!
{
	archiveVersion = 1;
	classes = {
	};
	objectVersion = 46;
	objects = {

/* Begin PBXBuildFile section */
		AA228A061A05009300517DA1 /* AppDelegate.swift in Sources */ = {isa = PBXBuildFile; fileRef = AA228A051A05009300517DA1 /* AppDelegate.swift */; };
		AA228A081A05009300517DA1 /* ViewController.swift in Sources */ = {isa = PBXBuildFile; fileRef = AA228A071A05009300517DA1 /* ViewController.swift */; };
		AA228A0B1A05009300517DA1 /* Main.storyboard in Resources */ = {isa = PBXBuildFile; fileRef = AA228A091A05009300517DA1 /* Main.storyboard */; };
		AA228A0D1A05009300517DA1 /* Images.xcassets in Resources */ = {isa = PBXBuildFile; fileRef = AA228A0C1A05009300517DA1 /* Images.xcassets */; };
		AA228A101A05009300517DA1 /* LaunchScreen.xib in Resources */ = {isa = PBXBuildFile; fileRef = AA228A0E1A05009300517DA1 /* LaunchScreen.xib */; };
		AA228A1C1A05009300517DA1 /* Clock_InTests.swift in Sources */ = {isa = PBXBuildFile; fileRef = AA228A1B1A05009300517DA1 /* Clock_InTests.swift */; };
/* End PBXBuildFile section */

/* Begin PBXContainerItemProxy section */
		AA228A161A05009300517DA1 /* PBXContainerItemProxy */ = {
			isa = PBXContainerItemProxy;
			containerPortal = AA2289F81A05009300517DA1 /* Project object */;
			proxyType = 1;
			remoteGlobalIDString = AA2289FF1A05009300517DA1;
			remoteInfo = "Clock In";
		};
/* End PBXContainerItemProxy section */

/* Begin PBXFileReference section */
		AA228A001A05009300517DA1 /* Clock In.app */ = {isa = PBXFileReference; explicitFileType = wrapper.application; includeInIndex = 0; path = "Clock In.app"; sourceTree = BUILT_PRODUCTS_DIR; };
		AA228A041A05009300517DA1 /* Info.plist */ = {isa = PBXFileReference; lastKnownFileType = text.plist.xml; path = Info.plist; sourceTree = "<group>"; };
		AA228A051A05009300517DA1 /* AppDelegate.swift */ = {isa = PBXFileReference; lastKnownFileType = sourcecode.swift; path = AppDelegate.swift; sourceTree = "<group>"; };
		AA228A071A05009300517DA1 /* ViewController.swift */ = {isa = PBXFileReference; lastKnownFileType = sourcecode.swift; path = ViewController.swift; sourceTree = "<group>"; };
		AA228A0A1A05009300517DA1 /* Base */ = {isa = PBXFileReference; lastKnownFileType = file.storyboard; name = Base; path = Base.lproj/Main.storyboard; sourceTree = "<group>"; };
		AA228A0C1A05009300517DA1 /* Images.xcassets */ = {isa = PBXFileReference; lastKnownFileType = folder.assetcatalog; path = Images.xcassets; sourceTree = "<group>"; };
		AA228A0F1A05009300517DA1 /* Base */ = {isa = PBXFileReference; lastKnownFileType = file.xib; name = Base; path = Base.lproj/LaunchScreen.xib; sourceTree = "<group>"; };
		AA228A151A05009300517DA1 /* Clock InTests.xctest */ = {isa = PBXFileReference; explicitFileType = wrapper.cfbundle; includeInIndex = 0; path = "Clock InTests.xctest"; sourceTree = BUILT_PRODUCTS_DIR; };
		AA228A1A1A05009300517DA1 /* Info.plist */ = {isa = PBXFileReference; lastKnownFileType = text.plist.xml; path = Info.plist; sourceTree = "<group>"; };
		AA228A1B1A05009300517DA1 /* Clock_InTests.swift */ = {isa = PBXFileReference; lastKnownFileType = sourcecode.swift; path = Clock_InTests.swift; sourceTree = "<group>"; };
/* End PBXFileReference section */

/* Begin PBXFrameworksBuildPhase section */
		AA2289FD1A05009300517DA1 /* Frameworks */ = {
			isa = PBXFrameworksBuildPhase;
			buildActionMask = 2147483647;
			files = (
			);
			runOnlyForDeploymentPostprocessing = 0;
		};
		AA228A121A05009300517DA1 /* Frameworks */ = {
			isa = PBXFrameworksBuildPhase;
			buildActionMask = 2147483647;
			files = (
			);
			runOnlyForDeploymentPostprocessing = 0;
		};
/* End PBXFrameworksBuildPhase section */

/* Begin PBXGroup section */
		AA2289F71A05009300517DA1 = {
			isa = PBXGroup;
			children = (
				AA228A021A05009300517DA1 /* Clock In */,
				AA228A181A05009300517DA1 /* Clock InTests */,
				AA228A011A05009300517DA1 /* Products */,
			);
			sourceTree = "<group>";
		};
		AA228A011A05009300517DA1 /* Products */ = {
			isa = PBXGroup;
			children = (
				AA228A001A05009300517DA1 /* Clock In.app */,
				AA228A151A05009300517DA1 /* Clock InTests.xctest */,
			);
			name = Products;
			sourceTree = "<group>";
		};
		AA228A021A05009300517DA1 /* Clock In */ = {
			isa = PBXGroup;
			children = (
				AA228A051A05009300517DA1 /* AppDelegate.swift */,
				AA228A071A05009300517DA1 /* ViewController.swift */,
				AA228A091A05009300517DA1 /* Main.storyboard */,
				AA228A0C1A05009300517DA1 /* Images.xcassets */,
				AA228A0E1A05009300517DA1 /* LaunchScreen.xib */,
				AA228A031A05009300517DA1 /* Supporting Files */,
			);
			path = "Clock In";
			sourceTree = "<group>";
		};
		AA228A031A05009300517DA1 /* Supporting Files */ = {
			isa = PBXGroup;
			children = (
				AA228A041A05009300517DA1 /* Info.plist */,
			);
			name = "Supporting Files";
			sourceTree = "<group>";
		};
		AA228A181A05009300517DA1 /* Clock InTests */ = {
			isa = PBXGroup;
			children = (
				AA228A1B1A05009300517DA1 /* Clock_InTests.swift */,
				AA228A191A05009300517DA1 /* Supporting Files */,
			);
			path = "Clock InTests";
			sourceTree = "<group>";
		};
		AA228A191A05009300517DA1 /* Supporting Files */ = {
			isa = PBXGroup;
			children = (
				AA228A1A1A05009300517DA1 /* Info.plist */,
			);
			name = "Supporting Files";
			sourceTree = "<group>";
		};
/* End PBXGroup section */

/* Begin PBXNativeTarget section */
		AA2289FF1A05009300517DA1 /* Clock In */ = {
			isa = PBXNativeTarget;
			buildConfigurationList = AA228A1F1A05009300517DA1 /* Build configuration list for PBXNativeTarget "Clock In" */;
			buildPhases = (
				AA2289FC1A05009300517DA1 /* Sources */,
				AA2289FD1A05009300517DA1 /* Frameworks */,
				AA2289FE1A05009300517DA1 /* Resources */,
			);
			buildRules = (
			);
			dependencies = (
			);
			name = "Clock In";
			productName = "Clock In";
			productReference = AA228A001A05009300517DA1 /* Clock In.app */;
			productType = "com.apple.product-type.application";
		};
		AA228A141A05009300517DA1 /* Clock InTests */ = {
			isa = PBXNativeTarget;
			buildConfigurationList = AA228A221A05009300517DA1 /* Build configuration list for PBXNativeTarget "Clock InTests" */;
			buildPhases = (
				AA228A111A05009300517DA1 /* Sources */,
				AA228A121A05009300517DA1 /* Frameworks */,
				AA228A131A05009300517DA1 /* Resources */,
			);
			buildRules = (
			);
			dependencies = (
				AA228A171A05009300517DA1 /* PBXTargetDependency */,
			);
			name = "Clock InTests";
			productName = "Clock InTests";
			productReference = AA228A151A05009300517DA1 /* Clock InTests.xctest */;
			productType = "com.apple.product-type.bundle.unit-test";
		};
/* End PBXNativeTarget section */

/* Begin PBXProject section */
		AA2289F81A05009300517DA1 /* Project object */ = {
			isa = PBXProject;
			attributes = {
				LastUpgradeCheck = 0610;
				ORGANIZATIONNAME = "Steve Ewell";
				TargetAttributes = {
					AA2289FF1A05009300517DA1 = {
						CreatedOnToolsVersion = 6.1;
					};
					AA228A141A05009300517DA1 = {
						CreatedOnToolsVersion = 6.1;
						TestTargetID = AA2289FF1A05009300517DA1;
					};
				};
			};
			buildConfigurationList = AA2289FB1A05009300517DA1 /* Build configuration list for PBXProject "Clock In" */;
			compatibilityVersion = "Xcode 3.2";
			developmentRegion = English;
			hasScannedForEncodings = 0;
			knownRegions = (
				en,
				Base,
			);
			mainGroup = AA2289F71A05009300517DA1;
			productRefGroup = AA228A011A05009300517DA1 /* Products */;
			projectDirPath = "";
			projectRoot = "";
			targets = (
				AA2289FF1A05009300517DA1 /* Clock In */,
				AA228A141A05009300517DA1 /* Clock InTests */,
			);
		};
/* End PBXProject section */

/* Begin PBXResourcesBuildPhase section */
		AA2289FE1A05009300517DA1 /* Resources */ = {
			isa = PBXResourcesBuildPhase;
			buildActionMask = 2147483647;
			files = (
				AA228A0B1A05009300517DA1 /* Main.storyboard in Resources */,
				AA228A101A05009300517DA1 /* LaunchScreen.xib in Resources */,
				AA228A0D1A05009300517DA1 /* Images.xcassets in Resources */,
			);
			runOnlyForDeploymentPostprocessing = 0;
		};
		AA228A131A05009300517DA1 /* Resources */ = {
			isa = PBXResourcesBuildPhase;
			buildActionMask = 2147483647;
			files = (
			);
			runOnlyForDeploymentPostprocessing = 0;
		};
/* End PBXResourcesBuildPhase section */

/* Begin PBXSourcesBuildPhase section */
		AA2289FC1A05009300517DA1 /* Sources */ = {
			isa = PBXSourcesBuildPhase;
			buildActionMask = 2147483647;
			files = (
				AA228A081A05009300517DA1 /* ViewController.swift in Sources */,
				AA228A061A05009300517DA1 /* AppDelegate.swift in Sources */,
			);
			runOnlyForDeploymentPostprocessing = 0;
		};
		AA228A111A05009300517DA1 /* Sources */ = {
			isa = PBXSourcesBuildPhase;
			buildActionMask = 2147483647;
			files = (
				AA228A1C1A05009300517DA1 /* Clock_InTests.swift in Sources */,
			);
			runOnlyForDeploymentPostprocessing = 0;
		};
/* End PBXSourcesBuildPhase section */

/* Begin PBXTargetDependency section */
		AA228A171A05009300517DA1 /* PBXTargetDependency */ = {
			isa = PBXTargetDependency;
			target = AA2289FF1A05009300517DA1 /* Clock In */;
			targetProxy = AA228A161A05009300517DA1 /* PBXContainerItemProxy */;
		};
/* End PBXTargetDependency section */

/* Begin PBXVariantGroup section */
		AA228A091A05009300517DA1 /* Main.storyboard */ = {
			isa = PBXVariantGroup;
			children = (
				AA228A0A1A05009300517DA1 /* Base */,
			);
			name = Main.storyboard;
			sourceTree = "<group>";
		};
		AA228A0E1A05009300517DA1 /* LaunchScreen.xib */ = {
			isa = PBXVariantGroup;
			children = (
				AA228A0F1A05009300517DA1 /* Base */,
			);
			name = LaunchScreen.xib;
			sourceTree = "<group>";
		};
/* End PBXVariantGroup section */

/* Begin XCBuildConfiguration section */
		AA228A1D1A05009300517DA1 /* Debug */ = {
			isa = XCBuildConfiguration;
			buildSettings = {
				ALWAYS_SEARCH_USER_PATHS = NO;
				CLANG_CXX_LANGUAGE_STANDARD = "gnu++0x";
				CLANG_CXX_LIBRARY = "libc++";
				CLANG_ENABLE_MODULES = YES;
				CLANG_ENABLE_OBJC_ARC = YES;
				CLANG_WARN_BOOL_CONVERSION = YES;
				CLANG_WARN_CONSTANT_CONVERSION = YES;
				CLANG_WARN_DIRECT_OBJC_ISA_USAGE = YES_ERROR;
				CLANG_WARN_EMPTY_BODY = YES;
				CLANG_WARN_ENUM_CONVERSION = YES;
				CLANG_WARN_INT_CONVERSION = YES;
				CLANG_WARN_OBJC_ROOT_CLASS = YES_ERROR;
				CLANG_WARN_UNREACHABLE_CODE = YES;
				CLANG_WARN__DUPLICATE_METHOD_MATCH = YES;
				"CODE_SIGN_IDENTITY[sdk=iphoneos*]" = "iPhone Developer";
				COPY_PHASE_STRIP = NO;
				ENABLE_STRICT_OBJC_MSGSEND = YES;
				GCC_C_LANGUAGE_STANDARD = gnu99;
				GCC_DYNAMIC_NO_PIC = NO;
				GCC_OPTIMIZATION_LEVEL = 0;
				GCC_PREPROCESSOR_DEFINITIONS = (
					"DEBUG=1",
					"$(inherited)",
				);
				GCC_SYMBOLS_PRIVATE_EXTERN = NO;
				GCC_WARN_64_TO_32_BIT_CONVERSION = YES;
				GCC_WARN_ABOUT_RETURN_TYPE = YES_ERROR;
				GCC_WARN_UNDECLARED_SELECTOR = YES;
				GCC_WARN_UNINITIALIZED_AUTOS = YES_AGGRESSIVE;
				GCC_WARN_UNUSED_FUNCTION = YES;
				GCC_WARN_UNUSED_VARIABLE = YES;
				IPHONEOS_DEPLOYMENT_TARGET = 8.1;
				MTL_ENABLE_DEBUG_INFO = YES;
				ONLY_ACTIVE_ARCH = YES;
				SDKROOT = iphoneos;
				SWIFT_OPTIMIZATION_LEVEL = "-Onone";
			};
			name = Debug;
		};
		AA228A1E1A05009300517DA1 /* Release */ = {
			isa = XCBuildConfiguration;
			buildSettings = {
				ALWAYS_SEARCH_USER_PATHS = NO;
				CLANG_CXX_LANGUAGE_STANDARD = "gnu++0x";
				CLANG_CXX_LIBRARY = "libc++";
				CLANG_ENABLE_MODULES = YES;
				CLANG_ENABLE_OBJC_ARC = YES;
				CLANG_WARN_BOOL_CONVERSION = YES;
				CLANG_WARN_CONSTANT_CONVERSION = YES;
				CLANG_WARN_DIRECT_OBJC_ISA_USAGE = YES_ERROR;
				CLANG_WARN_EMPTY_BODY = YES;
				CLANG_WARN_ENUM_CONVERSION = YES;
				CLANG_WARN_INT_CONVERSION = YES;
				CLANG_WARN_OBJC_ROOT_CLASS = YES_ERROR;
				CLANG_WARN_UNREACHABLE_CODE = YES;
				CLANG_WARN__DUPLICATE_METHOD_MATCH = YES;
				"CODE_SIGN_IDENTITY[sdk=iphoneos*]" = "iPhone Developer";
				COPY_PHASE_STRIP = YES;
				ENABLE_NS_ASSERTIONS = NO;
				ENABLE_STRICT_OBJC_MSGSEND = YES;
				GCC_C_LANGUAGE_STANDARD = gnu99;
				GCC_WARN_64_TO_32_BIT_CONVERSION = YES;
				GCC_WARN_ABOUT_RETURN_TYPE = YES_ERROR;
				GCC_WARN_UNDECLARED_SELECTOR = YES;
				GCC_WARN_UNINITIALIZED_AUTOS = YES_AGGRESSIVE;
				GCC_WARN_UNUSED_FUNCTION = YES;
				GCC_WARN_UNUSED_VARIABLE = YES;
				IPHONEOS_DEPLOYMENT_TARGET = 8.1;
				MTL_ENABLE_DEBUG_INFO = NO;
				SDKROOT = iphoneos;
				VALIDATE_PRODUCT = YES;
			};
			name = Release;
		};
		AA228A201A05009300517DA1 /* Debug */ = {
			isa = XCBuildConfiguration;
			buildSettings = {
				ASSETCATALOG_COMPILER_APPICON_NAME = AppIcon;
				INFOPLIST_FILE = "Clock In/Info.plist";
				LD_RUNPATH_SEARCH_PATHS = "$(inherited) @executable_path/Frameworks";
				PRODUCT_NAME = "$(TARGET_NAME)";
			};
			name = Debug;
		};
		AA228A211A05009300517DA1 /* Release */ = {
			isa = XCBuildConfiguration;
			buildSettings = {
				ASSETCATALOG_COMPILER_APPICON_NAME = AppIcon;
				INFOPLIST_FILE = "Clock In/Info.plist";
				LD_RUNPATH_SEARCH_PATHS = "$(inherited) @executable_path/Frameworks";
				PRODUCT_NAME = "$(TARGET_NAME)";
			};
			name = Release;
		};
		AA228A231A05009300517DA1 /* Debug */ = {
			isa = XCBuildConfiguration;
			buildSettings = {
				BUNDLE_LOADER = "$(TEST_HOST)";
				FRAMEWORK_SEARCH_PATHS = (
					"$(SDKROOT)/Developer/Library/Frameworks",
					"$(inherited)",
				);
				GCC_PREPROCESSOR_DEFINITIONS = (
					"DEBUG=1",
					"$(inherited)",
				);
				INFOPLIST_FILE = "Clock InTests/Info.plist";
				LD_RUNPATH_SEARCH_PATHS = "$(inherited) @executable_path/Frameworks @loader_path/Frameworks";
				PRODUCT_NAME = "$(TARGET_NAME)";
				TEST_HOST = "$(BUILT_PRODUCTS_DIR)/Clock In.app/Clock In";
			};
			name = Debug;
		};
		AA228A241A05009300517DA1 /* Release */ = {
			isa = XCBuildConfiguration;
			buildSettings = {
				BUNDLE_LOADER = "$(TEST_HOST)";
				FRAMEWORK_SEARCH_PATHS = (
					"$(SDKROOT)/Developer/Library/Frameworks",
					"$(inherited)",
				);
				INFOPLIST_FILE = "Clock InTests/Info.plist";
				LD_RUNPATH_SEARCH_PATHS = "$(inherited) @executable_path/Frameworks @loader_path/Frameworks";
				PRODUCT_NAME = "$(TARGET_NAME)";
				TEST_HOST = "$(BUILT_PRODUCTS_DIR)/Clock In.app/Clock In";
			};
			name = Release;
		};
/* End XCBuildConfiguration section */

/* Begin XCConfigurationList section */
		AA2289FB1A05009300517DA1 /* Build configuration list for PBXProject "Clock In" */ = {
			isa = XCConfigurationList;
			buildConfigurations = (
				AA228A1D1A05009300517DA1 /* Debug */,
				AA228A1E1A05009300517DA1 /* Release */,
			);
			defaultConfigurationIsVisible = 0;
			defaultConfigurationName = Release;
		};
		AA228A1F1A05009300517DA1 /* Build configuration list for PBXNativeTarget "Clock In" */ = {
			isa = XCConfigurationList;
			buildConfigurations = (
				AA228A201A05009300517DA1 /* Debug */,
				AA228A211A05009300517DA1 /* Release */,
			);
			defaultConfigurationIsVisible = 0;
		};
		AA228A221A05009300517DA1 /* Build configuration list for PBXNativeTarget "Clock InTests" */ = {
			isa = XCConfigurationList;
			buildConfigurations = (
				AA228A231A05009300517DA1 /* Debug */,
				AA228A241A05009300517DA1 /* Release */,
			);
			defaultConfigurationIsVisible = 0;
		};
/* End XCConfigurationList section */
	};
	rootObject = AA2289F81A05009300517DA1 /* Project object */;
}
